# This file is automatically @generated by Poetry 1.4.2 and should not be changed by hand.

[[package]]
name = "aws-lambda-powertools"
version = "2.15.0"
description = "AWS Lambda Powertools is a developer toolkit to implement Serverless best practices and increase developer velocity."
category = "main"
optional = false
python-versions = ">=3.7.4,<4.0.0"
files = [
    {file = "aws_lambda_powertools-2.15.0-py3-none-any.whl", hash = "sha256:e1e5a74c2e1894ae699e917e2078a9c12f5a38286a04df2d100cc762daff3300"},
    {file = "aws_lambda_powertools-2.15.0.tar.gz", hash = "sha256:6c63a3e1754a040534a359c985e6c24b1f96f8af42fe5fe46a96cf16a8ec096a"},
]

[package.dependencies]
typing-extensions = ">=4.4.0,<5.0.0"

[package.extras]
all = ["aws-xray-sdk (>=2.8.0,<3.0.0)", "fastjsonschema (>=2.14.5,<3.0.0)", "pydantic (>=1.8.2,<2.0.0)"]
aws-sdk = ["boto3 (>=1.20.32,<2.0.0)"]
parser = ["pydantic (>=1.8.2,<2.0.0)"]
tracer = ["aws-xray-sdk (>=2.8.0,<3.0.0)"]
validation = ["fastjsonschema (>=2.14.5,<3.0.0)"]

[[package]]
name = "six"
version = "1.16.0"
description = "Python 2 and 3 compatibility utilities"
category = "main"
optional = false
python-versions = ">=2.7, !=3.0.*, !=3.1.*, !=3.2.*"
files = [
    {file = "six-1.16.0-py2.py3-none-any.whl", hash = "sha256:8abb2f1d86890a2dfb989f9a77cfcfd3e47c2a354b01111771326f8aa26e0254"},
    {file = "six-1.16.0.tar.gz", hash = "sha256:1e61c37477a1626458e36f7b1d82aa5c9b094fa4802892072e49de9c60c4c926"},
]

[[package]]
name = "spine-aws-common"
version = "0.2.13"
description = "NHS Digital Spine Core common AWS code"
category = "main"
optional = false
python-versions = ">=3.6"
files = [
    {file = "spine_aws_common-0.2.13-py3-none-any.whl", hash = "sha256:8e6cc57dd5819645a8e942dbd2390212688058a323aad7d612d0e94ee5cf5650"},
    {file = "spine_aws_common-0.2.13.tar.gz", hash = "sha256:1c7642f43e105c281c02b4ff609b27995c82467bd5631e90df6ea7a15e643ce8"},
]

[package.dependencies]
aws-lambda-powertools = "*"
six = "*"

[[package]]
name = "typing-extensions"
version = "4.5.0"
description = "Backported and Experimental Type Hints for Python 3.7+"
category = "main"
optional = false
python-versions = ">=3.7"
files = [
    {file = "typing_extensions-4.5.0-py3-none-any.whl", hash = "sha256:fb33085c39dd998ac16d1431ebc293a8b3eedd00fd4a32de0ff79002c19511b4"},
    {file = "typing_extensions-4.5.0.tar.gz", hash = "sha256:5cb5f4a79139d699607b3ef622a1dedafa84e115ab0024e0d9c044a9479ca7cb"},
]

[metadata]
lock-version = "2.0"
python-versions = "^3.9"
content-hash = "eedd5c4aff0f32c53c318788c9475c1c7bca68dc1e6b2b1b1993b7869c6ff051"
